
Microsoft Visual Studio Solution File, Format Version 12.00
# Visual Studio 15
VisualStudioVersion = 15.0.28010.0
MinimumVisualStudioVersion = 10.0.40219.1
Project("{FAE04EC0-301F-11D3-BF4B-00C04F79EFBC}") = "Apps.Web", "Apps.Web\Apps.Web.csproj", "{C6722598-ED56-408B-81AA-D3634159008D}"
EndProject
Project("{FAE04EC0-301F-11D3-BF4B-00C04F79EFBC}") = "Apps.Models", "Apps.Models\Apps.Models.csproj", "{54F6CD9E-178F-4240-8A67-33E79CB5F2C9}"
	ProjectSection(ProjectDependencies) = postProject
		{6847A12A-20B8-4902-A688-2866C716A1EC} = {6847A12A-20B8-4902-A688-2866C716A1EC}
	EndProjectSection
EndProject
Project("{FAE04EC0-301F-11D3-BF4B-00C04F79EFBC}") = "Apps.Common", "Apps.Common\Apps.Common.csproj", "{6847A12A-20B8-4902-A688-2866C716A1EC}"
EndProject
Project("{FAE04EC0-301F-11D3-BF4B-00C04F79EFBC}") = "Apps.BLL", "Apps.BLL\Apps.BLL.csproj", "{E4E6F8B0-636A-44E7-BEDB-1AC222CE47F2}"
EndProject
Project("{FAE04EC0-301F-11D3-BF4B-00C04F79EFBC}") = "Apps.IBLL", "Apps.IBLL\Apps.IBLL.csproj", "{D6C8A784-EC1D-4191-B7DF-EF0F46CADFC2}"
EndProject
Project("{FAE04EC0-301F-11D3-BF4B-00C04F79EFBC}") = "Apps.IDAL", "Apps.IDAL\Apps.IDAL.csproj", "{C713A4E3-BCC9-4C72-BA67-8323632D8AA1}"
EndProject
Project("{FAE04EC0-301F-11D3-BF4B-00C04F79EFBC}") = "Apps.DAL", "Apps.DAL\Apps.DAL.csproj", "{920CF227-4A18-44D2-A54A-38C88646D070}"
EndProject
Project("{FAE04EC0-301F-11D3-BF4B-00C04F79EFBC}") = "Apps.Core", "Apps.Core\Apps.Core.csproj", "{15C278DB-A77D-43A2-A5BC-B26F49B3977D}"
	ProjectSection(ProjectDependencies) = postProject
		{6847A12A-20B8-4902-A688-2866C716A1EC} = {6847A12A-20B8-4902-A688-2866C716A1EC}
	EndProjectSection
EndProject
Project("{FAE04EC0-301F-11D3-BF4B-00C04F79EFBC}") = "Apps.Locale", "Apps.Locale\Apps.Locale.csproj", "{A670269B-B46C-4C77-BE86-4BE2D26CD126}"
EndProject
Project("{FAE04EC0-301F-11D3-BF4B-00C04F79EFBC}") = "Apps.Jobs", "Apps.Jobs\Apps.Jobs.csproj", "{6BE9CED4-24D9-48AF-AF4A-8DD380D7DFA1}"
EndProject
Project("{2150E333-8FDC-42A3-9474-1A3956D46DE8}") = "Apps.Base", "Apps.Base", "{5887A95D-93D1-4CF2-BF3D-5C6CA6549D58}"
EndProject
Project("{FAE04EC0-301F-11D3-BF4B-00C04F79EFBC}") = "Apps.WebApi", "Apps.WebApi\Apps.WebApi.csproj", "{D5F0F984-6DA6-4B08-A27D-D1F0C4133A95}"
EndProject
Global
	GlobalSection(SolutionConfigurationPlatforms) = preSolution
		Debug|Any CPU = Debug|Any CPU
		Debug|x64 = Debug|x64
		Debug|x86 = Debug|x86
		Release|Any CPU = Release|Any CPU
		Release|x64 = Release|x64
		Release|x86 = Release|x86
	EndGlobalSection
	GlobalSection(ProjectConfigurationPlatforms) = postSolution
		{C6722598-ED56-408B-81AA-D3634159008D}.Debug|Any CPU.ActiveCfg = Debug|Any CPU
		{C6722598-ED56-408B-81AA-D3634159008D}.Debug|Any CPU.Build.0 = Debug|Any CPU
		{C6722598-ED56-408B-81AA-D3634159008D}.Debug|x64.ActiveCfg = Debug|Any CPU
		{C6722598-ED56-408B-81AA-D3634159008D}.Debug|x64.Build.0 = Debug|Any CPU
		{C6722598-ED56-408B-81AA-D3634159008D}.Debug|x86.ActiveCfg = Debug|Any CPU
		{C6722598-ED56-408B-81AA-D3634159008D}.Debug|x86.Build.0 = Debug|Any CPU
		{C6722598-ED56-408B-81AA-D3634159008D}.Release|Any CPU.ActiveCfg = Release|Any CPU
		{C6722598-ED56-408B-81AA-D3634159008D}.Release|Any CPU.Build.0 = Release|Any CPU
		{C6722598-ED56-408B-81AA-D3634159008D}.Release|x64.ActiveCfg = Release|Any CPU
		{C6722598-ED56-408B-81AA-D3634159008D}.Release|x64.Build.0 = Release|Any CPU
		{C6722598-ED56-408B-81AA-D3634159008D}.Release|x86.ActiveCfg = Release|Any CPU
		{C6722598-ED56-408B-81AA-D3634159008D}.Release|x86.Build.0 = Release|Any CPU
		{54F6CD9E-178F-4240-8A67-33E79CB5F2C9}.Debug|Any CPU.ActiveCfg = Debug|Any CPU
		{54F6CD9E-178F-4240-8A67-33E79CB5F2C9}.Debug|Any CPU.Build.0 = Debug|Any CPU
		{54F6CD9E-178F-4240-8A67-33E79CB5F2C9}.Debug|x64.ActiveCfg = Debug|x64
		{54F6CD9E-178F-4240-8A67-33E79CB5F2C9}.Debug|x64.Build.0 = Debug|x64
		{54F6CD9E-178F-4240-8A67-33E79CB5F2C9}.Debug|x86.ActiveCfg = Debug|x86
		{54F6CD9E-178F-4240-8A67-33E79CB5F2C9}.Debug|x86.Build.0 = Debug|x86
		{54F6CD9E-178F-4240-8A67-33E79CB5F2C9}.Release|Any CPU.ActiveCfg = Release|Any CPU
		{54F6CD9E-178F-4240-8A67-33E79CB5F2C9}.Release|Any CPU.Build.0 = Release|Any CPU
		{54F6CD9E-178F-4240-8A67-33E79CB5F2C9}.Release|x64.ActiveCfg = Release|x64
		{54F6CD9E-178F-4240-8A67-33E79CB5F2C9}.Release|x64.Build.0 = Release|x64
		{54F6CD9E-178F-4240-8A67-33E79CB5F2C9}.Release|x86.ActiveCfg = Release|x86
		{54F6CD9E-178F-4240-8A67-33E79CB5F2C9}.Release|x86.Build.0 = Release|x86
		{6847A12A-20B8-4902-A688-2866C716A1EC}.Debug|Any CPU.ActiveCfg = Debug|Any CPU
		{6847A12A-20B8-4902-A688-2866C716A1EC}.Debug|Any CPU.Build.0 = Debug|Any CPU
		{6847A12A-20B8-4902-A688-2866C716A1EC}.Debug|x64.ActiveCfg = Debug|x64
		{6847A12A-20B8-4902-A688-2866C716A1EC}.Debug|x64.Build.0 = Debug|x64
		{6847A12A-20B8-4902-A688-2866C716A1EC}.Debug|x86.ActiveCfg = Debug|x86
		{6847A12A-20B8-4902-A688-2866C716A1EC}.Debug|x86.Build.0 = Debug|x86
		{6847A12A-20B8-4902-A688-2866C716A1EC}.Release|Any CPU.ActiveCfg = Release|Any CPU
		{6847A12A-20B8-4902-A688-2866C716A1EC}.Release|Any CPU.Build.0 = Release|Any CPU
		{6847A12A-20B8-4902-A688-2866C716A1EC}.Release|x64.ActiveCfg = Release|x64
		{6847A12A-20B8-4902-A688-2866C716A1EC}.Release|x64.Build.0 = Release|x64
		{6847A12A-20B8-4902-A688-2866C716A1EC}.Release|x86.ActiveCfg = Release|x86
		{6847A12A-20B8-4902-A688-2866C716A1EC}.Release|x86.Build.0 = Release|x86
		{E4E6F8B0-636A-44E7-BEDB-1AC222CE47F2}.Debug|Any CPU.ActiveCfg = Debug|Any CPU
		{E4E6F8B0-636A-44E7-BEDB-1AC222CE47F2}.Debug|Any CPU.Build.0 = Debug|Any CPU
		{E4E6F8B0-636A-44E7-BEDB-1AC222CE47F2}.Debug|x64.ActiveCfg = Debug|x64
		{E4E6F8B0-636A-44E7-BEDB-1AC222CE47F2}.Debug|x64.Build.0 = Debug|x64
		{E4E6F8B0-636A-44E7-BEDB-1AC222CE47F2}.Debug|x86.ActiveCfg = Debug|x86
		{E4E6F8B0-636A-44E7-BEDB-1AC222CE47F2}.Debug|x86.Build.0 = Debug|x86
		{E4E6F8B0-636A-44E7-BEDB-1AC222CE47F2}.Release|Any CPU.ActiveCfg = Release|Any CPU
		{E4E6F8B0-636A-44E7-BEDB-1AC222CE47F2}.Release|Any CPU.Build.0 = Release|Any CPU
		{E4E6F8B0-636A-44E7-BEDB-1AC222CE47F2}.Release|x64.ActiveCfg = Release|x64
		{E4E6F8B0-636A-44E7-BEDB-1AC222CE47F2}.Release|x64.Build.0 = Release|x64
		{E4E6F8B0-636A-44E7-BEDB-1AC222CE47F2}.Release|x86.ActiveCfg = Release|x86
		{E4E6F8B0-636A-44E7-BEDB-1AC222CE47F2}.Release|x86.Build.0 = Release|x86
		{D6C8A784-EC1D-4191-B7DF-EF0F46CADFC2}.Debug|Any CPU.ActiveCfg = Debug|Any CPU
		{D6C8A784-EC1D-4191-B7DF-EF0F46CADFC2}.Debug|Any CPU.Build.0 = Debug|Any CPU
		{D6C8A784-EC1D-4191-B7DF-EF0F46CADFC2}.Debug|x64.ActiveCfg = Debug|x64
		{D6C8A784-EC1D-4191-B7DF-EF0F46CADFC2}.Debug|x64.Build.0 = Debug|x64
		{D6C8A784-EC1D-4191-B7DF-EF0F46CADFC2}.Debug|x86.ActiveCfg = Debug|x86
		{D6C8A784-EC1D-4191-B7DF-EF0F46CADFC2}.Debug|x86.Build.0 = Debug|x86
		{D6C8A784-EC1D-4191-B7DF-EF0F46CADFC2}.Release|Any CPU.ActiveCfg = Release|Any CPU
		{D6C8A784-EC1D-4191-B7DF-EF0F46CADFC2}.Release|Any CPU.Build.0 = Release|Any CPU
		{D6C8A784-EC1D-4191-B7DF-EF0F46CADFC2}.Release|x64.ActiveCfg = Release|x64
		{D6C8A784-EC1D-4191-B7DF-EF0F46CADFC2}.Release|x64.Build.0 = Release|x64
		{D6C8A784-EC1D-4191-B7DF-EF0F46CADFC2}.Release|x86.ActiveCfg = Release|x86
		{D6C8A784-EC1D-4191-B7DF-EF0F46CADFC2}.Release|x86.Build.0 = Release|x86
		{C713A4E3-BCC9-4C72-BA67-8323632D8AA1}.Debug|Any CPU.ActiveCfg = Debug|Any CPU
		{C713A4E3-BCC9-4C72-BA67-8323632D8AA1}.Debug|Any CPU.Build.0 = Debug|Any CPU
		{C713A4E3-BCC9-4C72-BA67-8323632D8AA1}.Debug|x64.ActiveCfg = Debug|x64
		{C713A4E3-BCC9-4C72-BA67-8323632D8AA1}.Debug|x64.Build.0 = Debug|x64
		{C713A4E3-BCC9-4C72-BA67-8323632D8AA1}.Debug|x86.ActiveCfg = Debug|x86
		{C713A4E3-BCC9-4C72-BA67-8323632D8AA1}.Debug|x86.Build.0 = Debug|x86
		{C713A4E3-BCC9-4C72-BA67-8323632D8AA1}.Release|Any CPU.ActiveCfg = Release|Any CPU
		{C713A4E3-BCC9-4C72-BA67-8323632D8AA1}.Release|Any CPU.Build.0 = Release|Any CPU
		{C713A4E3-BCC9-4C72-BA67-8323632D8AA1}.Release|x64.ActiveCfg = Release|x64
		{C713A4E3-BCC9-4C72-BA67-8323632D8AA1}.Release|x64.Build.0 = Release|x64
		{C713A4E3-BCC9-4C72-BA67-8323632D8AA1}.Release|x86.ActiveCfg = Release|x86
		{C713A4E3-BCC9-4C72-BA67-8323632D8AA1}.Release|x86.Build.0 = Release|x86
		{920CF227-4A18-44D2-A54A-38C88646D070}.Debug|Any CPU.ActiveCfg = Debug|Any CPU
		{920CF227-4A18-44D2-A54A-38C88646D070}.Debug|Any CPU.Build.0 = Debug|Any CPU
		{920CF227-4A18-44D2-A54A-38C88646D070}.Debug|x64.ActiveCfg = Debug|x64
		{920CF227-4A18-44D2-A54A-38C88646D070}.Debug|x64.Build.0 = Debug|x64
		{920CF227-4A18-44D2-A54A-38C88646D070}.Debug|x86.ActiveCfg = Debug|x86
		{920CF227-4A18-44D2-A54A-38C88646D070}.Debug|x86.Build.0 = Debug|x86
		{920CF227-4A18-44D2-A54A-38C88646D070}.Release|Any CPU.ActiveCfg = Release|Any CPU
		{920CF227-4A18-44D2-A54A-38C88646D070}.Release|Any CPU.Build.0 = Release|Any CPU
		{920CF227-4A18-44D2-A54A-38C88646D070}.Release|x64.ActiveCfg = Release|x64
		{920CF227-4A18-44D2-A54A-38C88646D070}.Release|x64.Build.0 = Release|x64
		{920CF227-4A18-44D2-A54A-38C88646D070}.Release|x86.ActiveCfg = Release|x86
		{920CF227-4A18-44D2-A54A-38C88646D070}.Release|x86.Build.0 = Release|x86
		{15C278DB-A77D-43A2-A5BC-B26F49B3977D}.Debug|Any CPU.ActiveCfg = Debug|Any CPU
		{15C278DB-A77D-43A2-A5BC-B26F49B3977D}.Debug|Any CPU.Build.0 = Debug|Any CPU
		{15C278DB-A77D-43A2-A5BC-B26F49B3977D}.Debug|x64.ActiveCfg = Debug|x64
		{15C278DB-A77D-43A2-A5BC-B26F49B3977D}.Debug|x64.Build.0 = Debug|x64
		{15C278DB-A77D-43A2-A5BC-B26F49B3977D}.Debug|x86.ActiveCfg = Debug|x86
		{15C278DB-A77D-43A2-A5BC-B26F49B3977D}.Debug|x86.Build.0 = Debug|x86
		{15C278DB-A77D-43A2-A5BC-B26F49B3977D}.Release|Any CPU.ActiveCfg = Release|Any CPU
		{15C278DB-A77D-43A2-A5BC-B26F49B3977D}.Release|Any CPU.Build.0 = Release|Any CPU
		{15C278DB-A77D-43A2-A5BC-B26F49B3977D}.Release|x64.ActiveCfg = Release|x64
		{15C278DB-A77D-43A2-A5BC-B26F49B3977D}.Release|x64.Build.0 = Release|x64
		{15C278DB-A77D-43A2-A5BC-B26F49B3977D}.Release|x86.ActiveCfg = Release|x86
		{15C278DB-A77D-43A2-A5BC-B26F49B3977D}.Release|x86.Build.0 = Release|x86
		{A670269B-B46C-4C77-BE86-4BE2D26CD126}.Debug|Any CPU.ActiveCfg = Debug|Any CPU
		{A670269B-B46C-4C77-BE86-4BE2D26CD126}.Debug|Any CPU.Build.0 = Debug|Any CPU
		{A670269B-B46C-4C77-BE86-4BE2D26CD126}.Debug|x64.ActiveCfg = Debug|x64
		{A670269B-B46C-4C77-BE86-4BE2D26CD126}.Debug|x64.Build.0 = Debug|x64
		{A670269B-B46C-4C77-BE86-4BE2D26CD126}.Debug|x86.ActiveCfg = Debug|x86
		{A670269B-B46C-4C77-BE86-4BE2D26CD126}.Debug|x86.Build.0 = Debug|x86
		{A670269B-B46C-4C77-BE86-4BE2D26CD126}.Release|Any CPU.ActiveCfg = Release|Any CPU
		{A670269B-B46C-4C77-BE86-4BE2D26CD126}.Release|Any CPU.Build.0 = Release|Any CPU
		{A670269B-B46C-4C77-BE86-4BE2D26CD126}.Release|x64.ActiveCfg = Release|x64
		{A670269B-B46C-4C77-BE86-4BE2D26CD126}.Release|x64.Build.0 = Release|x64
		{A670269B-B46C-4C77-BE86-4BE2D26CD126}.Release|x86.ActiveCfg = Release|x86
		{A670269B-B46C-4C77-BE86-4BE2D26CD126}.Release|x86.Build.0 = Release|x86
		{6BE9CED4-24D9-48AF-AF4A-8DD380D7DFA1}.Debug|Any CPU.ActiveCfg = Debug|Any CPU
		{6BE9CED4-24D9-48AF-AF4A-8DD380D7DFA1}.Debug|Any CPU.Build.0 = Debug|Any CPU
		{6BE9CED4-24D9-48AF-AF4A-8DD380D7DFA1}.Debug|x64.ActiveCfg = Debug|x64
		{6BE9CED4-24D9-48AF-AF4A-8DD380D7DFA1}.Debug|x64.Build.0 = Debug|x64
		{6BE9CED4-24D9-48AF-AF4A-8DD380D7DFA1}.Debug|x86.ActiveCfg = Debug|x86
		{6BE9CED4-24D9-48AF-AF4A-8DD380D7DFA1}.Debug|x86.Build.0 = Debug|x86
		{6BE9CED4-24D9-48AF-AF4A-8DD380D7DFA1}.Release|Any CPU.ActiveCfg = Release|Any CPU
		{6BE9CED4-24D9-48AF-AF4A-8DD380D7DFA1}.Release|Any CPU.Build.0 = Release|Any CPU
		{6BE9CED4-24D9-48AF-AF4A-8DD380D7DFA1}.Release|x64.ActiveCfg = Release|x64
		{6BE9CED4-24D9-48AF-AF4A-8DD380D7DFA1}.Release|x64.Build.0 = Release|x64
		{6BE9CED4-24D9-48AF-AF4A-8DD380D7DFA1}.Release|x86.ActiveCfg = Release|x86
		{6BE9CED4-24D9-48AF-AF4A-8DD380D7DFA1}.Release|x86.Build.0 = Release|x86
		{D5F0F984-6DA6-4B08-A27D-D1F0C4133A95}.Debug|Any CPU.ActiveCfg = Debug|Any CPU
		{D5F0F984-6DA6-4B08-A27D-D1F0C4133A95}.Debug|Any CPU.Build.0 = Debug|Any CPU
		{D5F0F984-6DA6-4B08-A27D-D1F0C4133A95}.Debug|x64.ActiveCfg = Debug|x64
		{D5F0F984-6DA6-4B08-A27D-D1F0C4133A95}.Debug|x64.Build.0 = Debug|x64
		{D5F0F984-6DA6-4B08-A27D-D1F0C4133A95}.Debug|x86.ActiveCfg = Debug|x86
		{D5F0F984-6DA6-4B08-A27D-D1F0C4133A95}.Debug|x86.Build.0 = Debug|x86
		{D5F0F984-6DA6-4B08-A27D-D1F0C4133A95}.Release|Any CPU.ActiveCfg = Release|Any CPU
		{D5F0F984-6DA6-4B08-A27D-D1F0C4133A95}.Release|Any CPU.Build.0 = Release|Any CPU
		{D5F0F984-6DA6-4B08-A27D-D1F0C4133A95}.Release|x64.ActiveCfg = Release|x64
		{D5F0F984-6DA6-4B08-A27D-D1F0C4133A95}.Release|x64.Build.0 = Release|x64
		{D5F0F984-6DA6-4B08-A27D-D1F0C4133A95}.Release|x86.ActiveCfg = Release|x86
		{D5F0F984-6DA6-4B08-A27D-D1F0C4133A95}.Release|x86.Build.0 = Release|x86
	EndGlobalSection
	GlobalSection(SolutionProperties) = preSolution
		HideSolutionNode = FALSE
	EndGlobalSection
	GlobalSection(NestedProjects) = preSolution
		{E4E6F8B0-636A-44E7-BEDB-1AC222CE47F2} = {5887A95D-93D1-4CF2-BF3D-5C6CA6549D58}
		{D6C8A784-EC1D-4191-B7DF-EF0F46CADFC2} = {5887A95D-93D1-4CF2-BF3D-5C6CA6549D58}
		{C713A4E3-BCC9-4C72-BA67-8323632D8AA1} = {5887A95D-93D1-4CF2-BF3D-5C6CA6549D58}
		{920CF227-4A18-44D2-A54A-38C88646D070} = {5887A95D-93D1-4CF2-BF3D-5C6CA6549D58}
	EndGlobalSection
	GlobalSection(ExtensibilityGlobals) = postSolution
		VisualSVNWorkingCopyRoot = .
		SolutionGuid = {973F511F-66CA-42B0-BD83-27FF1A835E1D}
	EndGlobalSection
	GlobalSection(SubversionScc) = preSolution
		Svn-Managed = True
		Manager = AnkhSVN - Subversion Support for Visual Studio
	EndGlobalSection
EndGlobal
